PODS:
  - ffmpeg-kit-macos-full (4.5.1)
  - Masonry (1.1.0)
  - SnapKit (5.6.0)

DEPENDENCIES:
  - ffmpeg-kit-macos-full (~> 4.4)
  - Masonry (~> 1.1.0)
  - SnapKit (~> 5.6.0)

SPEC REPOS:
  trunk:
    - ffmpeg-kit-macos-full
    - Masonry
    - SnapKit

SPEC CHECKSUMS:
  ffmpeg-kit-macos-full: 8bf0ab8d570a487f9da07d564f6e49bd6f008bac
  Masonry: 678fab65091a9290e40e2832a55e7ab731aad201
  SnapKit: e01d52ebb8ddbc333eefe2132acf85c8227d9c25

PODFILE CHECKSUM: c453e5d80dbfd36919a5dc54ecf65f698e447ba8

COCOAPODS: 1.12.1
