// !$*UTF8*$!
{
	archiveVersion = 1;
	classes = {
	};
	objectVersion = 56;
	objects = {

/* Begin PBXBuildFile section */
		05FA4598B9D928EAA748C9B1 /* Pods_MediaLive.framework in Frameworks */ = {isa = PBXBuildFile; fileRef = D25ECB82E9B015B20EE2B8D4 /* Pods_MediaLive.framework */; };
		963746822AE7BD940046DF05 /* librtmp.a in Frameworks */ = {isa = PBXBuildFile; fileRef = 963746812AE7BD930046DF05 /* librtmp.a */; };
		9637469C2AE7C3860046DF05 /* simplest_librtmp_receive.cpp in Sources */ = {isa = PBXBuildFile; fileRef = 9637468F2AE7C3860046DF05 /* simplest_librtmp_receive.cpp */; };
		9637469E2AE7C3860046DF05 /* cuc_ieschool.flv in Resources */ = {isa = PBXBuildFile; fileRef = 963746932AE7C3860046DF05 /* cuc_ieschool.flv */; };
		9637469F2AE7C3860046DF05 /* README.md in Resources */ = {isa = PBXBuildFile; fileRef = 963746942AE7C3860046DF05 /* README.md */; };
		963746A02AE7C3860046DF05 /* librtmp_send264.cpp in Sources */ = {isa = PBXBuildFile; fileRef = 963746962AE7C3860046DF05 /* librtmp_send264.cpp */; };
		963746A12AE7C3860046DF05 /* cuc_ieschool.h264 in Resources */ = {isa = PBXBuildFile; fileRef = 963746972AE7C3860046DF05 /* cuc_ieschool.h264 */; };
		963746A22AE7C3860046DF05 /* simplest_librtmp_send264.cpp in Sources */ = {isa = PBXBuildFile; fileRef = 963746982AE7C3860046DF05 /* simplest_librtmp_send264.cpp */; };
		963746A92AE7C3E80046DF05 /* LivePush.cpp in Sources */ = {isa = PBXBuildFile; fileRef = 963746A42AE7C3E80046DF05 /* LivePush.cpp */; };
		963746AA2AE7C3E80046DF05 /* LivePlayer.cpp in Sources */ = {isa = PBXBuildFile; fileRef = 963746A82AE7C3E80046DF05 /* LivePlayer.cpp */; };
		963746AC2AE8139A0046DF05 /* source.200kbps.768x320.flv in Resources */ = {isa = PBXBuildFile; fileRef = 963746AB2AE8139A0046DF05 /* source.200kbps.768x320.flv */; };
		969FA2D02AE8D915000D4B5A /* simplest_librtmp_sendflv.cpp in Sources */ = {isa = PBXBuildFile; fileRef = 969FA2CF2AE8D915000D4B5A /* simplest_librtmp_sendflv.cpp */; };
		CE746C462AE6C11C00F04F69 /* AppDelegate.m in Sources */ = {isa = PBXBuildFile; fileRef = CE746C452AE6C11C00F04F69 /* AppDelegate.m */; };
		CE746C492AE6C11C00F04F69 /* ViewController.m in Sources */ = {isa = PBXBuildFile; fileRef = CE746C482AE6C11C00F04F69 /* ViewController.m */; };
		CE746C4B2AE6C11C00F04F69 /* Assets.xcassets in Resources */ = {isa = PBXBuildFile; fileRef = CE746C4A2AE6C11C00F04F69 /* Assets.xcassets */; };
		CE746C4E2AE6C11C00F04F69 /* Main.storyboard in Resources */ = {isa = PBXBuildFile; fileRef = CE746C4C2AE6C11C00F04F69 /* Main.storyboard */; };
		CE746C502AE6C11C00F04F69 /* main.m in Sources */ = {isa = PBXBuildFile; fileRef = CE746C4F2AE6C11C00F04F69 /* main.m */; };
/* End PBXBuildFile section */

/* Begin PBXFileReference section */
		2F6580245C811167E3634ABB /* Pods-MediaLive.release.xcconfig */ = {isa = PBXFileReference; includeInIndex = 1; lastKnownFileType = text.xcconfig; name = "Pods-MediaLive.release.xcconfig"; path = "Target Support Files/Pods-MediaLive/Pods-MediaLive.release.xcconfig"; sourceTree = "<group>"; };
		963746812AE7BD930046DF05 /* librtmp.a */ = {isa = PBXFileReference; lastKnownFileType = archive.ar; path = librtmp.a; sourceTree = "<group>"; };
		963746832AE7BDA40046DF05 /* amf.h */ = {isa = PBXFileReference; fileEncoding = 4; lastKnownFileType = sourcecode.c.h; path = amf.h; sourceTree = "<group>"; };
		963746842AE7BDE50046DF05 /* handshake.h */ = {isa = PBXFileReference; fileEncoding = 4; lastKnownFileType = sourcecode.c.h; path = handshake.h; sourceTree = "<group>"; };
		963746852AE7BDE50046DF05 /* http.h */ = {isa = PBXFileReference; fileEncoding = 4; lastKnownFileType = sourcecode.c.h; path = http.h; sourceTree = "<group>"; };
		963746862AE7BDE50046DF05 /* rtmp_sys.h */ = {isa = PBXFileReference; fileEncoding = 4; lastKnownFileType = sourcecode.c.h; path = rtmp_sys.h; sourceTree = "<group>"; };
		963746872AE7BDE50046DF05 /* log.h */ = {isa = PBXFileReference; fileEncoding = 4; lastKnownFileType = sourcecode.c.h; path = log.h; sourceTree = "<group>"; };
		963746882AE7BDE50046DF05 /* bytes.h */ = {isa = PBXFileReference; fileEncoding = 4; lastKnownFileType = sourcecode.c.h; path = bytes.h; sourceTree = "<group>"; };
		963746892AE7BDE50046DF05 /* rtmp.h */ = {isa = PBXFileReference; fileEncoding = 4; lastKnownFileType = sourcecode.c.h; path = rtmp.h; sourceTree = "<group>"; };
		9637468A2AE7BDE50046DF05 /* dh.h */ = {isa = PBXFileReference; fileEncoding = 4; lastKnownFileType = sourcecode.c.h; path = dh.h; sourceTree = "<group>"; };
		9637468B2AE7BDE50046DF05 /* dhgroups.h */ = {isa = PBXFileReference; fileEncoding = 4; lastKnownFileType = sourcecode.c.h; path = dhgroups.h; sourceTree = "<group>"; };
		9637468E2AE7C3860046DF05 /* simplest_librtmp_receive.h */ = {isa = PBXFileReference; fileEncoding = 4; lastKnownFileType = sourcecode.c.h; path = simplest_librtmp_receive.h; sourceTree = "<group>"; };
		9637468F2AE7C3860046DF05 /* simplest_librtmp_receive.cpp */ = {isa = PBXFileReference; fileEncoding = 4; lastKnownFileType = sourcecode.cpp.cpp; path = simplest_librtmp_receive.cpp; sourceTree = "<group>"; };
		963746922AE7C3860046DF05 /* simplest_librtmp_sendflv.h */ = {isa = PBXFileReference; fileEncoding = 4; lastKnownFileType = sourcecode.c.h; path = simplest_librtmp_sendflv.h; sourceTree = "<group>"; };
		963746932AE7C3860046DF05 /* cuc_ieschool.flv */ = {isa = PBXFileReference; lastKnownFileType = file; path = cuc_ieschool.flv; sourceTree = "<group>"; };
		963746942AE7C3860046DF05 /* README.md */ = {isa = PBXFileReference; fileEncoding = 4; lastKnownFileType = net.daringfireball.markdown; path = README.md; sourceTree = "<group>"; };
		963746962AE7C3860046DF05 /* librtmp_send264.cpp */ = {isa = PBXFileReference; fileEncoding = 4; lastKnownFileType = sourcecode.cpp.cpp; path = librtmp_send264.cpp; sourceTree = "<group>"; };
		963746972AE7C3860046DF05 /* cuc_ieschool.h264 */ = {isa = PBXFileReference; lastKnownFileType = file; path = cuc_ieschool.h264; sourceTree = "<group>"; };
		963746982AE7C3860046DF05 /* simplest_librtmp_send264.cpp */ = {isa = PBXFileReference; fileEncoding = 4; lastKnownFileType = sourcecode.cpp.cpp; path = simplest_librtmp_send264.cpp; sourceTree = "<group>"; };
		963746992AE7C3860046DF05 /* sps_decode.h */ = {isa = PBXFileReference; fileEncoding = 4; lastKnownFileType = sourcecode.c.h; path = sps_decode.h; sourceTree = "<group>"; };
		9637469A2AE7C3860046DF05 /* simplest_librtmp_send264.h */ = {isa = PBXFileReference; fileEncoding = 4; lastKnownFileType = sourcecode.c.h; path = simplest_librtmp_send264.h; sourceTree = "<group>"; };
		9637469B2AE7C3860046DF05 /* librtmp_send264.h */ = {isa = PBXFileReference; fileEncoding = 4; lastKnownFileType = sourcecode.c.h; path = librtmp_send264.h; sourceTree = "<group>"; };
		963746A42AE7C3E80046DF05 /* LivePush.cpp */ = {isa = PBXFileReference; fileEncoding = 4; lastKnownFileType = sourcecode.cpp.cpp; path = LivePush.cpp; sourceTree = "<group>"; };
		963746A52AE7C3E80046DF05 /* LivePush.hpp */ = {isa = PBXFileReference; fileEncoding = 4; lastKnownFileType = sourcecode.cpp.h; path = LivePush.hpp; sourceTree = "<group>"; };
		963746A72AE7C3E80046DF05 /* LivePlayer.hpp */ = {isa = PBXFileReference; fileEncoding = 4; lastKnownFileType = sourcecode.cpp.h; path = LivePlayer.hpp; sourceTree = "<group>"; };
		963746A82AE7C3E80046DF05 /* LivePlayer.cpp */ = {isa = PBXFileReference; fileEncoding = 4; lastKnownFileType = sourcecode.cpp.cpp; path = LivePlayer.cpp; sourceTree = "<group>"; };
		963746AB2AE8139A0046DF05 /* source.200kbps.768x320.flv */ = {isa = PBXFileReference; lastKnownFileType = file; path = source.200kbps.768x320.flv; sourceTree = "<group>"; };
		969FA2CF2AE8D915000D4B5A /* simplest_librtmp_sendflv.cpp */ = {isa = PBXFileReference; lastKnownFileType = sourcecode.cpp.cpp; path = simplest_librtmp_sendflv.cpp; sourceTree = "<group>"; };
		9A6786865932137EA76935EE /* Pods-MediaLive.debug.xcconfig */ = {isa = PBXFileReference; includeInIndex = 1; lastKnownFileType = text.xcconfig; name = "Pods-MediaLive.debug.xcconfig"; path = "Target Support Files/Pods-MediaLive/Pods-MediaLive.debug.xcconfig"; sourceTree = "<group>"; };
		CE746C412AE6C11C00F04F69 /* MediaLive.app */ = {isa = PBXFileReference; explicitFileType = wrapper.application; includeInIndex = 0; path = MediaLive.app; sourceTree = BUILT_PRODUCTS_DIR; };
		CE746C442AE6C11C00F04F69 /* AppDelegate.h */ = {isa = PBXFileReference; lastKnownFileType = sourcecode.c.h; path = AppDelegate.h; sourceTree = "<group>"; };
		CE746C452AE6C11C00F04F69 /* AppDelegate.m */ = {isa = PBXFileReference; lastKnownFileType = sourcecode.c.objc; path = AppDelegate.m; sourceTree = "<group>"; };
		CE746C472AE6C11C00F04F69 /* ViewController.h */ = {isa = PBXFileReference; lastKnownFileType = sourcecode.c.h; path = ViewController.h; sourceTree = "<group>"; };
		CE746C482AE6C11C00F04F69 /* ViewController.m */ = {isa = PBXFileReference; lastKnownFileType = sourcecode.c.objc; path = ViewController.m; sourceTree = "<group>"; };
		CE746C4A2AE6C11C00F04F69 /* Assets.xcassets */ = {isa = PBXFileReference; lastKnownFileType = folder.assetcatalog; path = Assets.xcassets; sourceTree = "<group>"; };
		CE746C4D2AE6C11C00F04F69 /* Base */ = {isa = PBXFileReference; lastKnownFileType = file.storyboard; name = Base; path = Base.lproj/Main.storyboard; sourceTree = "<group>"; };
		CE746C4F2AE6C11C00F04F69 /* main.m */ = {isa = PBXFileReference; lastKnownFileType = sourcecode.c.objc; path = main.m; sourceTree = "<group>"; };
		CE746C512AE6C11C00F04F69 /* MediaLive.entitlements */ = {isa = PBXFileReference; lastKnownFileType = text.plist.entitlements; path = MediaLive.entitlements; sourceTree = "<group>"; };
		D25ECB82E9B015B20EE2B8D4 /* Pods_MediaLive.framework */ = {isa = PBXFileReference; explicitFileType = wrapper.framework; includeInIndex = 0; path = Pods_MediaLive.framework; sourceTree = BUILT_PRODUCTS_DIR; };
/* End PBXFileReference section */

/* Begin PBXFrameworksBuildPhase section */
		CE746C3E2AE6C11C00F04F69 /* Frameworks */ = {
			isa = PBXFrameworksBuildPhase;
			buildActionMask = 2147483647;
			files = (
				963746822AE7BD940046DF05 /* librtmp.a in Frameworks */,
				05FA4598B9D928EAA748C9B1 /* Pods_MediaLive.framework in Frameworks */,
			);
			runOnlyForDeploymentPostprocessing = 0;
		};
/* End PBXFrameworksBuildPhase section */

/* Begin PBXGroup section */
		7DF149C8919AA2B7052A3626 /* Frameworks */ = {
			isa = PBXGroup;
			children = (
				D25ECB82E9B015B20EE2B8D4 /* Pods_MediaLive.framework */,
			);
			name = Frameworks;
			sourceTree = "<group>";
		};
		9637467E2AE7BD930046DF05 /* librtmp */ = {
			isa = PBXGroup;
			children = (
				9637467F2AE7BD930046DF05 /* include */,
				963746802AE7BD930046DF05 /* lib */,
			);
			path = librtmp;
			sourceTree = "<group>";
		};
		9637467F2AE7BD930046DF05 /* include */ = {
			isa = PBXGroup;
			children = (
				963746882AE7BDE50046DF05 /* bytes.h */,
				9637468A2AE7BDE50046DF05 /* dh.h */,
				9637468B2AE7BDE50046DF05 /* dhgroups.h */,
				963746842AE7BDE50046DF05 /* handshake.h */,
				963746852AE7BDE50046DF05 /* http.h */,
				963746872AE7BDE50046DF05 /* log.h */,
				963746862AE7BDE50046DF05 /* rtmp_sys.h */,
				963746892AE7BDE50046DF05 /* rtmp.h */,
				963746832AE7BDA40046DF05 /* amf.h */,
			);
			path = include;
			sourceTree = "<group>";
		};
		963746802AE7BD930046DF05 /* lib */ = {
			isa = PBXGroup;
			children = (
				963746812AE7BD930046DF05 /* librtmp.a */,
			);
			path = lib;
			sourceTree = "<group>";
		};
		9637468C2AE7C3850046DF05 /* RTMPLive */ = {
			isa = PBXGroup;
			children = (
				9637468D2AE7C3850046DF05 /* received */,
				963746902AE7C3860046DF05 /* send_flv */,
				963746942AE7C3860046DF05 /* README.md */,
				963746952AE7C3860046DF05 /* send_h264 */,
			);
			path = RTMPLive;
			sourceTree = "<group>";
		};
		9637468D2AE7C3850046DF05 /* received */ = {
			isa = PBXGroup;
			children = (
				9637468E2AE7C3860046DF05 /* simplest_librtmp_receive.h */,
				9637468F2AE7C3860046DF05 /* simplest_librtmp_receive.cpp */,
			);
			path = received;
			sourceTree = "<group>";
		};
		963746902AE7C3860046DF05 /* send_flv */ = {
			isa = PBXGroup;
			children = (
				969FA2CF2AE8D915000D4B5A /* simplest_librtmp_sendflv.cpp */,
				963746922AE7C3860046DF05 /* simplest_librtmp_sendflv.h */,
			);
			path = send_flv;
			sourceTree = "<group>";
		};
		963746952AE7C3860046DF05 /* send_h264 */ = {
			isa = PBXGroup;
			children = (
				963746962AE7C3860046DF05 /* librtmp_send264.cpp */,
				9637469B2AE7C3860046DF05 /* librtmp_send264.h */,
				963746982AE7C3860046DF05 /* simplest_librtmp_send264.cpp */,
				9637469A2AE7C3860046DF05 /* simplest_librtmp_send264.h */,
				963746992AE7C3860046DF05 /* sps_decode.h */,
			);
			path = send_h264;
			sourceTree = "<group>";
		};
		963746A32AE7C3E80046DF05 /* LivePush */ = {
			isa = PBXGroup;
			children = (
				963746A42AE7C3E80046DF05 /* LivePush.cpp */,
				963746A52AE7C3E80046DF05 /* LivePush.hpp */,
			);
			path = LivePush;
			sourceTree = "<group>";
		};
		963746A62AE7C3E80046DF05 /* LivePlayer */ = {
			isa = PBXGroup;
			children = (
				963746A72AE7C3E80046DF05 /* LivePlayer.hpp */,
				963746A82AE7C3E80046DF05 /* LivePlayer.cpp */,
			);
			path = LivePlayer;
			sourceTree = "<group>";
		};
		969FA2B42AE820B3000D4B5A /* doc */ = {
			isa = PBXGroup;
			children = (
				963746932AE7C3860046DF05 /* cuc_ieschool.flv */,
				963746972AE7C3860046DF05 /* cuc_ieschool.h264 */,
				963746AB2AE8139A0046DF05 /* source.200kbps.768x320.flv */,
			);
			path = doc;
			sourceTree = "<group>";
		};
		B021CDCF59371C255B62B040 /* Pods */ = {
			isa = PBXGroup;
			children = (
				9A6786865932137EA76935EE /* Pods-MediaLive.debug.xcconfig */,
				2F6580245C811167E3634ABB /* Pods-MediaLive.release.xcconfig */,
			);
			path = Pods;
			sourceTree = "<group>";
		};
		CE746C382AE6C11C00F04F69 = {
			isa = PBXGroup;
			children = (
				CE746C432AE6C11C00F04F69 /* MediaLive */,
				CE746C422AE6C11C00F04F69 /* Products */,
				B021CDCF59371C255B62B040 /* Pods */,
				7DF149C8919AA2B7052A3626 /* Frameworks */,
			);
			sourceTree = "<group>";
		};
		CE746C422AE6C11C00F04F69 /* Products */ = {
			isa = PBXGroup;
			children = (
				CE746C412AE6C11C00F04F69 /* MediaLive.app */,
			);
			name = Products;
			sourceTree = "<group>";
		};
		CE746C432AE6C11C00F04F69 /* MediaLive */ = {
			isa = PBXGroup;
			children = (
				969FA2B42AE820B3000D4B5A /* doc */,
				963746A62AE7C3E80046DF05 /* LivePlayer */,
				963746A32AE7C3E80046DF05 /* LivePush */,
				9637468C2AE7C3850046DF05 /* RTMPLive */,
				9637467E2AE7BD930046DF05 /* librtmp */,
				CE746C442AE6C11C00F04F69 /* AppDelegate.h */,
				CE746C452AE6C11C00F04F69 /* AppDelegate.m */,
				CE746C472AE6C11C00F04F69 /* ViewController.h */,
				CE746C482AE6C11C00F04F69 /* ViewController.m */,
				CE746C4A2AE6C11C00F04F69 /* Assets.xcassets */,
				CE746C4C2AE6C11C00F04F69 /* Main.storyboard */,
				CE746C4F2AE6C11C00F04F69 /* main.m */,
				CE746C512AE6C11C00F04F69 /* MediaLive.entitlements */,
			);
			path = MediaLive;
			sourceTree = "<group>";
		};
/* End PBXGroup section */

/* Begin PBXNativeTarget section */
		CE746C402AE6C11C00F04F69 /* MediaLive */ = {
			isa = PBXNativeTarget;
			buildConfigurationList = CE746C542AE6C11C00F04F69 /* Build configuration list for PBXNativeTarget "MediaLive" */;
			buildPhases = (
				956AE6033CE8AA9BD9B280A3 /* [CP] Check Pods Manifest.lock */,
				CE746C3D2AE6C11C00F04F69 /* Sources */,
				CE746C3E2AE6C11C00F04F69 /* Frameworks */,
				CE746C3F2AE6C11C00F04F69 /* Resources */,
				4DC906A93A0AA1B2DCB5D1E1 /* [CP] Embed Pods Frameworks */,
			);
			buildRules = (
			);
			dependencies = (
			);
			name = MediaLive;
			productName = MediaLive;
			productReference = CE746C412AE6C11C00F04F69 /* MediaLive.app */;
			productType = "com.apple.product-type.application";
		};
/* End PBXNativeTarget section */

/* Begin PBXProject section */
		CE746C392AE6C11C00F04F69 /* Project object */ = {
			isa = PBXProject;
			attributes = {
				BuildIndependentTargetsInParallel = 1;
				LastUpgradeCheck = 1430;
				TargetAttributes = {
					CE746C402AE6C11C00F04F69 = {
						CreatedOnToolsVersion = 14.3.1;
					};
				};
			};
			buildConfigurationList = CE746C3C2AE6C11C00F04F69 /* Build configuration list for PBXProject "MediaLive" */;
			compatibilityVersion = "Xcode 14.0";
			developmentRegion = en;
			hasScannedForEncodings = 0;
			knownRegions = (
				en,
				Base,
			);
			mainGroup = CE746C382AE6C11C00F04F69;
			productRefGroup = CE746C422AE6C11C00F04F69 /* Products */;
			projectDirPath = "";
			projectRoot = "";
			targets = (
				CE746C402AE6C11C00F04F69 /* MediaLive */,
			);
		};
/* End PBXProject section */

/* Begin PBXResourcesBuildPhase section */
		CE746C3F2AE6C11C00F04F69 /* Resources */ = {
			isa = PBXResourcesBuildPhase;
			buildActionMask = 2147483647;
			files = (
				CE746C4B2AE6C11C00F04F69 /* Assets.xcassets in Resources */,
				CE746C4E2AE6C11C00F04F69 /* Main.storyboard in Resources */,
				9637469F2AE7C3860046DF05 /* README.md in Resources */,
				963746AC2AE8139A0046DF05 /* source.200kbps.768x320.flv in Resources */,
				963746A12AE7C3860046DF05 /* cuc_ieschool.h264 in Resources */,
				9637469E2AE7C3860046DF05 /* cuc_ieschool.flv in Resources */,
			);
			runOnlyForDeploymentPostprocessing = 0;
		};
/* End PBXResourcesBuildPhase section */

/* Begin PBXShellScriptBuildPhase section */
		4DC906A93A0AA1B2DCB5D1E1 /* [CP] Embed Pods Frameworks */ = {
			isa = PBXShellScriptBuildPhase;
			buildActionMask = 2147483647;
			files = (
			);
			inputFileListPaths = (
				"${PODS_ROOT}/Target Support Files/Pods-MediaLive/Pods-MediaLive-frameworks-${CONFIGURATION}-input-files.xcfilelist",
			);
			name = "[CP] Embed Pods Frameworks";
			outputFileListPaths = (
				"${PODS_ROOT}/Target Support Files/Pods-MediaLive/Pods-MediaLive-frameworks-${CONFIGURATION}-output-files.xcfilelist",
			);
			runOnlyForDeploymentPostprocessing = 0;
			shellPath = /bin/sh;
			shellScript = "\"${PODS_ROOT}/Target Support Files/Pods-MediaLive/Pods-MediaLive-frameworks.sh\"\n";
			showEnvVarsInLog = 0;
		};
		956AE6033CE8AA9BD9B280A3 /* [CP] Check Pods Manifest.lock */ = {
			isa = PBXShellScriptBuildPhase;
			buildActionMask = 2147483647;
			files = (
			);
			inputFileListPaths = (
			);
			inputPaths = (
				"${PODS_PODFILE_DIR_PATH}/Podfile.lock",
				"${PODS_ROOT}/Manifest.lock",
			);
			name = "[CP] Check Pods Manifest.lock";
			outputFileListPaths = (
			);
			outputPaths = (
				"$(DERIVED_FILE_DIR)/Pods-MediaLive-checkManifestLockResult.txt",
			);
			runOnlyForDeploymentPostprocessing = 0;
			shellPath = /bin/sh;
			shellScript = "diff \"${PODS_PODFILE_DIR_PATH}/Podfile.lock\" \"${PODS_ROOT}/Manifest.lock\" > /dev/null\nif [ $? != 0 ] ; then\n    # print error to STDERR\n    echo \"error: The sandbox is not in sync with the Podfile.lock. Run 'pod install' or update your CocoaPods installation.\" >&2\n    exit 1\nfi\n# This output is used by Xcode 'outputs' to avoid re-running this script phase.\necho \"SUCCESS\" > \"${SCRIPT_OUTPUT_FILE_0}\"\n";
			showEnvVarsInLog = 0;
		};
/* End PBXShellScriptBuildPhase section */

/* Begin PBXSourcesBuildPhase section */
		CE746C3D2AE6C11C00F04F69 /* Sources */ = {
			isa = PBXSourcesBuildPhase;
			buildActionMask = 2147483647;
			files = (
				CE746C492AE6C11C00F04F69 /* ViewController.m in Sources */,
				963746AA2AE7C3E80046DF05 /* LivePlayer.cpp in Sources */,
				9637469C2AE7C3860046DF05 /* simplest_librtmp_receive.cpp in Sources */,
				CE746C502AE6C11C00F04F69 /* main.m in Sources */,
				963746A02AE7C3860046DF05 /* librtmp_send264.cpp in Sources */,
				969FA2D02AE8D915000D4B5A /* simplest_librtmp_sendflv.cpp in Sources */,
				CE746C462AE6C11C00F04F69 /* AppDelegate.m in Sources */,
				963746A92AE7C3E80046DF05 /* LivePush.cpp in Sources */,
				963746A22AE7C3860046DF05 /* simplest_librtmp_send264.cpp in Sources */,
			);
			runOnlyForDeploymentPostprocessing = 0;
		};
/* End PBXSourcesBuildPhase section */

/* Begin PBXVariantGroup section */
		CE746C4C2AE6C11C00F04F69 /* Main.storyboard */ = {
			isa = PBXVariantGroup;
			children = (
				CE746C4D2AE6C11C00F04F69 /* Base */,
			);
			name = Main.storyboard;
			sourceTree = "<group>";
		};
/* End PBXVariantGroup section */

/* Begin XCBuildConfiguration section */
		CE746C522AE6C11C00F04F69 /* Debug */ = {
			isa = XCBuildConfiguration;
			buildSettings = {
				ALWAYS_SEARCH_USER_PATHS = NO;
				CLANG_ANALYZER_NONNULL = YES;
				CLANG_ANALYZER_NUMBER_OBJECT_CONVERSION = YES_AGGRESSIVE;
				CLANG_CXX_LANGUAGE_STANDARD = "gnu++20";
				CLANG_ENABLE_MODULES = YES;
				CLANG_ENABLE_OBJC_ARC = YES;
				CLANG_ENABLE_OBJC_WEAK = YES;
				CLANG_WARN_BLOCK_CAPTURE_AUTORELEASING = YES;
				CLANG_WARN_BOOL_CONVERSION = YES;
				CLANG_WARN_COMMA = YES;
				CLANG_WARN_CONSTANT_CONVERSION = YES;
				CLANG_WARN_DEPRECATED_OBJC_IMPLEMENTATIONS = YES;
				CLANG_WARN_DIRECT_OBJC_ISA_USAGE = YES_ERROR;
				CLANG_WARN_DOCUMENTATION_COMMENTS = YES;
				CLANG_WARN_EMPTY_BODY = YES;
				CLANG_WARN_ENUM_CONVERSION = YES;
				CLANG_WARN_INFINITE_RECURSION = YES;
				CLANG_WARN_INT_CONVERSION = YES;
				CLANG_WARN_NON_LITERAL_NULL_CONVERSION = YES;
				CLANG_WARN_OBJC_IMPLICIT_RETAIN_SELF = YES;
				CLANG_WARN_OBJC_LITERAL_CONVERSION = YES;
				CLANG_WARN_OBJC_ROOT_CLASS = YES_ERROR;
				CLANG_WARN_QUOTED_INCLUDE_IN_FRAMEWORK_HEADER = YES;
				CLANG_WARN_RANGE_LOOP_ANALYSIS = YES;
				CLANG_WARN_STRICT_PROTOTYPES = YES;
				CLANG_WARN_SUSPICIOUS_MOVE = YES;
				CLANG_WARN_UNGUARDED_AVAILABILITY = YES_AGGRESSIVE;
				CLANG_WARN_UNREACHABLE_CODE = YES;
				CLANG_WARN__DUPLICATE_METHOD_MATCH = YES;
				COPY_PHASE_STRIP = NO;
				DEBUG_INFORMATION_FORMAT = dwarf;
				ENABLE_STRICT_OBJC_MSGSEND = YES;
				ENABLE_TESTABILITY = YES;
				GCC_C_LANGUAGE_STANDARD = gnu11;
				GCC_DYNAMIC_NO_PIC = NO;
				GCC_NO_COMMON_BLOCKS = YES;
				GCC_OPTIMIZATION_LEVEL = 0;
				GCC_PREPROCESSOR_DEFINITIONS = (
					"DEBUG=1",
					"$(inherited)",
				);
				GCC_WARN_64_TO_32_BIT_CONVERSION = YES;
				GCC_WARN_ABOUT_RETURN_TYPE = YES_ERROR;
				GCC_WARN_UNDECLARED_SELECTOR = YES;
				GCC_WARN_UNINITIALIZED_AUTOS = YES_AGGRESSIVE;
				GCC_WARN_UNUSED_FUNCTION = YES;
				GCC_WARN_UNUSED_VARIABLE = YES;
				MACOSX_DEPLOYMENT_TARGET = 13.3;
				MTL_ENABLE_DEBUG_INFO = INCLUDE_SOURCE;
				MTL_FAST_MATH = YES;
				ONLY_ACTIVE_ARCH = YES;
				SDKROOT = macosx;
			};
			name = Debug;
		};
		CE746C532AE6C11C00F04F69 /* Release */ = {
			isa = XCBuildConfiguration;
			buildSettings = {
				ALWAYS_SEARCH_USER_PATHS = NO;
				CLANG_ANALYZER_NONNULL = YES;
				CLANG_ANALYZER_NUMBER_OBJECT_CONVERSION = YES_AGGRESSIVE;
				CLANG_CXX_LANGUAGE_STANDARD = "gnu++20";
				CLANG_ENABLE_MODULES = YES;
				CLANG_ENABLE_OBJC_ARC = YES;
				CLANG_ENABLE_OBJC_WEAK = YES;
				CLANG_WARN_BLOCK_CAPTURE_AUTORELEASING = YES;
				CLANG_WARN_BOOL_CONVERSION = YES;
				CLANG_WARN_COMMA = YES;
				CLANG_WARN_CONSTANT_CONVERSION = YES;
				CLANG_WARN_DEPRECATED_OBJC_IMPLEMENTATIONS = YES;
				CLANG_WARN_DIRECT_OBJC_ISA_USAGE = YES_ERROR;
				CLANG_WARN_DOCUMENTATION_COMMENTS = YES;
				CLANG_WARN_EMPTY_BODY = YES;
				CLANG_WARN_ENUM_CONVERSION = YES;
				CLANG_WARN_INFINITE_RECURSION = YES;
				CLANG_WARN_INT_CONVERSION = YES;
				CLANG_WARN_NON_LITERAL_NULL_CONVERSION = YES;
				CLANG_WARN_OBJC_IMPLICIT_RETAIN_SELF = YES;
				CLANG_WARN_OBJC_LITERAL_CONVERSION = YES;
				CLANG_WARN_OBJC_ROOT_CLASS = YES_ERROR;
				CLANG_WARN_QUOTED_INCLUDE_IN_FRAMEWORK_HEADER = YES;
				CLANG_WARN_RANGE_LOOP_ANALYSIS = YES;
				CLANG_WARN_STRICT_PROTOTYPES = YES;
				CLANG_WARN_SUSPICIOUS_MOVE = YES;
				CLANG_WARN_UNGUARDED_AVAILABILITY = YES_AGGRESSIVE;
				CLANG_WARN_UNREACHABLE_CODE = YES;
				CLANG_WARN__DUPLICATE_METHOD_MATCH = YES;
				COPY_PHASE_STRIP = NO;
				DEBUG_INFORMATION_FORMAT = "dwarf-with-dsym";
				ENABLE_NS_ASSERTIONS = NO;
				ENABLE_STRICT_OBJC_MSGSEND = YES;
				GCC_C_LANGUAGE_STANDARD = gnu11;
				GCC_NO_COMMON_BLOCKS = YES;
				GCC_WARN_64_TO_32_BIT_CONVERSION = YES;
				GCC_WARN_ABOUT_RETURN_TYPE = YES_ERROR;
				GCC_WARN_UNDECLARED_SELECTOR = YES;
				GCC_WARN_UNINITIALIZED_AUTOS = YES_AGGRESSIVE;
				GCC_WARN_UNUSED_FUNCTION = YES;
				GCC_WARN_UNUSED_VARIABLE = YES;
				MACOSX_DEPLOYMENT_TARGET = 13.3;
				MTL_ENABLE_DEBUG_INFO = NO;
				MTL_FAST_MATH = YES;
				SDKROOT = macosx;
			};
			name = Release;
		};
		CE746C552AE6C11C00F04F69 /* Debug */ = {
			isa = XCBuildConfiguration;
			baseConfigurationReference = 9A6786865932137EA76935EE /* Pods-MediaLive.debug.xcconfig */;
			buildSettings = {
				ASSETCATALOG_COMPILER_APPICON_NAME = AppIcon;
				ASSETCATALOG_COMPILER_GLOBAL_ACCENT_COLOR_NAME = AccentColor;
				CODE_SIGN_ENTITLEMENTS = MediaLive/MediaLive.entitlements;
				CODE_SIGN_STYLE = Automatic;
				COMBINE_HIDPI_IMAGES = YES;
				CURRENT_PROJECT_VERSION = 1;
				GENERATE_INFOPLIST_FILE = YES;
				INFOPLIST_KEY_NSHumanReadableCopyright = "";
				INFOPLIST_KEY_NSMainStoryboardFile = Main;
				INFOPLIST_KEY_NSPrincipalClass = NSApplication;
				LD_RUNPATH_SEARCH_PATHS = (
					"$(inherited)",
					"@executable_path/../Frameworks",
				);
				LIBRARY_SEARCH_PATHS = (
					"$(inherited)",
					"$(PROJECT_DIR)/MediaLive/librtmp/lib",
				);
				MACOSX_DEPLOYMENT_TARGET = 13.0;
				MARKETING_VERSION = 1.0;
				PRODUCT_BUNDLE_IDENTIFIER = com.jason.MediaLive;
				PRODUCT_NAME = "$(TARGET_NAME)";
				SWIFT_EMIT_LOC_STRINGS = YES;
			};
			name = Debug;
		};
		CE746C562AE6C11C00F04F69 /* Release */ = {
			isa = XCBuildConfiguration;
			baseConfigurationReference = 2F6580245C811167E3634ABB /* Pods-MediaLive.release.xcconfig */;
			buildSettings = {
				ASSETCATALOG_COMPILER_APPICON_NAME = AppIcon;
				ASSETCATALOG_COMPILER_GLOBAL_ACCENT_COLOR_NAME = AccentColor;
				CODE_SIGN_ENTITLEMENTS = MediaLive/MediaLive.entitlements;
				CODE_SIGN_STYLE = Automatic;
				COMBINE_HIDPI_IMAGES = YES;
				CURRENT_PROJECT_VERSION = 1;
				GENERATE_INFOPLIST_FILE = YES;
				INFOPLIST_KEY_NSHumanReadableCopyright = "";
				INFOPLIST_KEY_NSMainStoryboardFile = Main;
				INFOPLIST_KEY_NSPrincipalClass = NSApplication;
				LD_RUNPATH_SEARCH_PATHS = (
					"$(inherited)",
					"@executable_path/../Frameworks",
				);
				LIBRARY_SEARCH_PATHS = (
					"$(inherited)",
					"$(PROJECT_DIR)/MediaLive/librtmp/lib",
				);
				MACOSX_DEPLOYMENT_TARGET = 13.0;
				MARKETING_VERSION = 1.0;
				PRODUCT_BUNDLE_IDENTIFIER = com.jason.MediaLive;
				PRODUCT_NAME = "$(TARGET_NAME)";
				SWIFT_EMIT_LOC_STRINGS = YES;
			};
			name = Release;
		};
/* End XCBuildConfiguration section */

/* Begin XCConfigurationList section */
		CE746C3C2AE6C11C00F04F69 /* Build configuration list for PBXProject "MediaLive" */ = {
			isa = XCConfigurationList;
			buildConfigurations = (
				CE746C522AE6C11C00F04F69 /* Debug */,
				CE746C532AE6C11C00F04F69 /* Release */,
			);
			defaultConfigurationIsVisible = 0;
			defaultConfigurationName = Release;
		};
		CE746C542AE6C11C00F04F69 /* Build configuration list for PBXNativeTarget "MediaLive" */ = {
			isa = XCConfigurationList;
			buildConfigurations = (
				CE746C552AE6C11C00F04F69 /* Debug */,
				CE746C562AE6C11C00F04F69 /* Release */,
			);
			defaultConfigurationIsVisible = 0;
			defaultConfigurationName = Release;
		};
/* End XCConfigurationList section */
	};
	rootObject = CE746C392AE6C11C00F04F69 /* Project object */;
}
